
Microsoft Visual Studio Solution File, Format Version 12.00
# Visual Studio Version 17
VisualStudioVersion = 17.0.32014.148
MinimumVisualStudioVersion = 10.0.40219.1
Project("{9A19103F-16F7-4668-BE54-9A1E7A4F7556}") = "TDD-App", "TDD-App.csproj", "{6B53B7BB-2243-4F65-A1DB-882B717B5F98}"
EndProject
Project("{FAE04EC0-301F-11D3-BF4B-00C04F79EFBC}") = "Unit-Tests", "Tests\Unit-Tests\Unit-Tests.csproj", "{F7BBC9C1-6322-4F26-97F1-F500D93115F8}"
EndProject
Global
	GlobalSection(SolutionConfigurationPlatforms) = preSolution
		Debug|Any CPU = Debug|Any CPU
		Release|Any CPU = Release|Any CPU
	EndGlobalSection
	GlobalSection(ProjectConfigurationPlatforms) = postSolution
		{6B53B7BB-2243-4F65-A1DB-882B717B5F98}.Debug|Any CPU.ActiveCfg = Debug|Any CPU
		{6B53B7BB-2243-4F65-A1DB-882B717B5F98}.Debug|Any CPU.Build.0 = Debug|Any CPU
		{6B53B7BB-2243-4F65-A1DB-882B717B5F98}.Release|Any CPU.ActiveCfg = Release|Any CPU
		{6B53B7BB-2243-4F65-A1DB-882B717B5F98}.Release|Any CPU.Build.0 = Release|Any CPU
		{F7BBC9C1-6322-4F26-97F1-F500D93115F8}.Debug|Any CPU.ActiveCfg = Debug|Any CPU
		{F7BBC9C1-6322-4F26-97F1-F500D93115F8}.Debug|Any CPU.Build.0 = Debug|Any CPU
		{F7BBC9C1-6322-4F26-97F1-F500D93115F8}.Release|Any CPU.ActiveCfg = Release|Any CPU
		{F7BBC9C1-6322-4F26-97F1-F500D93115F8}.Release|Any CPU.Build.0 = Release|Any CPU
	EndGlobalSection
	GlobalSection(SolutionProperties) = preSolution
		HideSolutionNode = FALSE
	EndGlobalSection
	GlobalSection(ExtensibilityGlobals) = postSolution
		SolutionGuid = {0595C5CC-CB2D-461F-84F9-DC34A32E146E}
	EndGlobalSection
EndGlobal
